// !$*UTF8*$!
{
	archiveVersion = 1;
	classes = {
	};
	objectVersion = 50;
	objects = {

/* Begin PBXBuildFile section */
		85BCCC9323EC1D5A005D35B4 /* AppDelegate.swift in Sources */ = {isa = PBXBuildFile; fileRef = 85BCCC9223EC1D5A005D35B4 /* AppDelegate.swift */; };
		85BCCC9523EC1D5A005D35B4 /* ViewController.swift in Sources */ = {isa = PBXBuildFile; fileRef = 85BCCC9423EC1D5A005D35B4 /* ViewController.swift */; };
		85BCCC9823EC1D5A005D35B4 /* Main.storyboard in Resources */ = {isa = PBXBuildFile; fileRef = 85BCCC9623EC1D5A005D35B4 /* Main.storyboard */; };
		85BCCC9A23EC1D5E005D35B4 /* Assets.xcassets in Resources */ = {isa = PBXBuildFile; fileRef = 85BCCC9923EC1D5E005D35B4 /* Assets.xcassets */; };
		85BCCC9D23EC1D5E005D35B4 /* LaunchScreen.storyboard in Resources */ = {isa = PBXBuildFile; fileRef = 85BCCC9B23EC1D5E005D35B4 /* LaunchScreen.storyboard */; };
		85BCCCA823EC1D5E005D35B4 /* User_LocationTests.swift in Sources */ = {isa = PBXBuildFile; fileRef = 85BCCCA723EC1D5E005D35B4 /* User_LocationTests.swift */; };
		85BCCCB323EC1D5E005D35B4 /* User_LocationUITests.swift in Sources */ = {isa = PBXBuildFile; fileRef = 85BCCCB223EC1D5E005D35B4 /* User_LocationUITests.swift */; };
/* End PBXBuildFile section */

/* Begin PBXContainerItemProxy section */
		85BCCCA423EC1D5E005D35B4 /* PBXContainerItemProxy */ = {
			isa = PBXContainerItemProxy;
			containerPortal = 85BCCC8723EC1D59005D35B4 /* Project object */;
			proxyType = 1;
			remoteGlobalIDString = 85BCCC8E23EC1D59005D35B4;
			remoteInfo = "User-Location";
		};
		85BCCCAF23EC1D5E005D35B4 /* PBXContainerItemProxy */ = {
			isa = PBXContainerItemProxy;
			containerPortal = 85BCCC8723EC1D59005D35B4 /* Project object */;
			proxyType = 1;
			remoteGlobalIDString = 85BCCC8E23EC1D59005D35B4;
			remoteInfo = "User-Location";
		};
/* End PBXContainerItemProxy section */

/* Begin PBXFileReference section */
		85BCCC8F23EC1D59005D35B4 /* User-Location.app */ = {isa = PBXFileReference; explicitFileType = wrapper.application; includeInIndex = 0; path = "User-Location.app"; sourceTree = BUILT_PRODUCTS_DIR; };
		85BCCC9223EC1D5A005D35B4 /* AppDelegate.swift */ = {isa = PBXFileReference; lastKnownFileType = sourcecode.swift; path = AppDelegate.swift; sourceTree = "<group>"; };
		85BCCC9423EC1D5A005D35B4 /* ViewController.swift */ = {isa = PBXFileReference; lastKnownFileType = sourcecode.swift; path = ViewController.swift; sourceTree = "<group>"; };
		85BCCC9723EC1D5A005D35B4 /* Base */ = {isa = PBXFileReference; lastKnownFileType = file.storyboard; name = Base; path = Base.lproj/Main.storyboard; sourceTree = "<group>"; };
		85BCCC9923EC1D5E005D35B4 /* Assets.xcassets */ = {isa = PBXFileReference; lastKnownFileType = folder.assetcatalog; path = Assets.xcassets; sourceTree = "<group>"; };
		85BCCC9C23EC1D5E005D35B4 /* Base */ = {isa = PBXFileReference; lastKnownFileType = file.storyboard; name = Base; path = Base.lproj/LaunchScreen.storyboard; sourceTree = "<group>"; };
		85BCCC9E23EC1D5E005D35B4 /* Info.plist */ = {isa = PBXFileReference; lastKnownFileType = text.plist.xml; path = Info.plist; sourceTree = "<group>"; };
		85BCCCA323EC1D5E005D35B4 /* User-LocationTests.xctest */ = {isa = PBXFileReference; explicitFileType = wrapper.cfbundle; includeInIndex = 0; path = "User-LocationTests.xctest"; sourceTree = BUILT_PRODUCTS_DIR; };
		85BCCCA723EC1D5E005D35B4 /* User_LocationTests.swift */ = {isa = PBXFileReference; lastKnownFileType = sourcecode.swift; path = User_LocationTests.swift; sourceTree = "<group>"; };
		85BCCCA923EC1D5E005D35B4 /* Info.plist */ = {isa = PBXFileReference; lastKnownFileType = text.plist.xml; path = Info.plist; sourceTree = "<group>"; };
		85BCCCAE23EC1D5E005D35B4 /* User-LocationUITests.xctest */ = {isa = PBXFileReference; explicitFileType = wrapper.cfbundle; includeInIndex = 0; path = "User-LocationUITests.xctest"; sourceTree = BUILT_PRODUCTS_DIR; };
		85BCCCB223EC1D5E005D35B4 /* User_LocationUITests.swift */ = {isa = PBXFileReference; lastKnownFileType = sourcecode.swift; path = User_LocationUITests.swift; sourceTree = "<group>"; };
		85BCCCB423EC1D5E005D35B4 /* Info.plist */ = {isa = PBXFileReference; lastKnownFileType = text.plist.xml; path = Info.plist; sourceTree = "<group>"; };
/* End PBXFileReference section */

/* Begin PBXFrameworksBuildPhase section */
		85BCCC8C23EC1D59005D35B4 /* Frameworks */ = {
			isa = PBXFrameworksBuildPhase;
			buildActionMask = 2147483647;
			files = (
			);
			runOnlyForDeploymentPostprocessing = 0;
		};
		85BCCCA023EC1D5E005D35B4 /* Frameworks */ = {
			isa = PBXFrameworksBuildPhase;
			buildActionMask = 2147483647;
			files = (
			);
			runOnlyForDeploymentPostprocessing = 0;
		};
		85BCCCAB23EC1D5E005D35B4 /* Frameworks */ = {
			isa = PBXFrameworksBuildPhase;
			buildActionMask = 2147483647;
			files = (
			);
			runOnlyForDeploymentPostprocessing = 0;
		};
/* End PBXFrameworksBuildPhase section */

/* Begin PBXGroup section */
		85BCCC8623EC1D59005D35B4 = {
			isa = PBXGroup;
			children = (
				85BCCC9123EC1D59005D35B4 /* User-Location */,
				85BCCCA623EC1D5E005D35B4 /* User-LocationTests */,
				85BCCCB123EC1D5E005D35B4 /* User-LocationUITests */,
				85BCCC9023EC1D59005D35B4 /* Products */,
			);
			sourceTree = "<group>";
		};
		85BCCC9023EC1D59005D35B4 /* Products */ = {
			isa = PBXGroup;
			children = (
				85BCCC8F23EC1D59005D35B4 /* User-Location.app */,
				85BCCCA323EC1D5E005D35B4 /* User-LocationTests.xctest */,
				85BCCCAE23EC1D5E005D35B4 /* User-LocationUITests.xctest */,
			);
			name = Products;
			sourceTree = "<group>";
		};
		85BCCC9123EC1D59005D35B4 /* User-Location */ = {
			isa = PBXGroup;
			children = (
				85BCCC9223EC1D5A005D35B4 /* AppDelegate.swift */,
				85BCCC9423EC1D5A005D35B4 /* ViewController.swift */,
				85BCCC9623EC1D5A005D35B4 /* Main.storyboard */,
				85BCCC9923EC1D5E005D35B4 /* Assets.xcassets */,
				85BCCC9B23EC1D5E005D35B4 /* LaunchScreen.storyboard */,
				85BCCC9E23EC1D5E005D35B4 /* Info.plist */,
			);
			path = "User-Location";
			sourceTree = "<group>";
		};
		85BCCCA623EC1D5E005D35B4 /* User-LocationTests */ = {
			isa = PBXGroup;
			children = (
				85BCCCA723EC1D5E005D35B4 /* User_LocationTests.swift */,
				85BCCCA923EC1D5E005D35B4 /* Info.plist */,
			);
			path = "User-LocationTests";
			sourceTree = "<group>";
		};
		85BCCCB123EC1D5E005D35B4 /* User-LocationUITests */ = {
			isa = PBXGroup;
			children = (
				85BCCCB223EC1D5E005D35B4 /* User_LocationUITests.swift */,
				85BCCCB423EC1D5E005D35B4 /* Info.plist */,
			);
			path = "User-LocationUITests";
			sourceTree = "<group>";
		};
/* End PBXGroup section */

/* Begin PBXNativeTarget section */
		85BCCC8E23EC1D59005D35B4 /* User-Location */ = {
			isa = PBXNativeTarget;
			buildConfigurationList = 85BCCCB723EC1D5E005D35B4 /* Build configuration list for PBXNativeTarget "User-Location" */;
			buildPhases = (
				85BCCC8B23EC1D59005D35B4 /* Sources */,
				85BCCC8C23EC1D59005D35B4 /* Frameworks */,
				85BCCC8D23EC1D59005D35B4 /* Resources */,
			);
			buildRules = (
			);
			dependencies = (
			);
			name = "User-Location";
			productName = "User-Location";
			productReference = 85BCCC8F23EC1D59005D35B4 /* User-Location.app */;
			productType = "com.apple.product-type.application";
		};
		85BCCCA223EC1D5E005D35B4 /* User-LocationTests */ = {
			isa = PBXNativeTarget;
			buildConfigurationList = 85BCCCBA23EC1D5E005D35B4 /* Build configuration list for PBXNativeTarget "User-LocationTests" */;
			buildPhases = (
				85BCCC9F23EC1D5E005D35B4 /* Sources */,
				85BCCCA023EC1D5E005D35B4 /* Frameworks */,
				85BCCCA123EC1D5E005D35B4 /* Resources */,
			);
			buildRules = (
			);
			dependencies = (
				85BCCCA523EC1D5E005D35B4 /* PBXTargetDependency */,
			);
			name = "User-LocationTests";
			productName = "User-LocationTests";
			productReference = 85BCCCA323EC1D5E005D35B4 /* User-LocationTests.xctest */;
			productType = "com.apple.product-type.bundle.unit-test";
		};
		85BCCCAD23EC1D5E005D35B4 /* User-LocationUITests */ = {
			isa = PBXNativeTarget;
			buildConfigurationList = 85BCCCBD23EC1D5E005D35B4 /* Build configuration list for PBXNativeTarget "User-LocationUITests" */;
			buildPhases = (
				85BCCCAA23EC1D5E005D35B4 /* Sources */,
				85BCCCAB23EC1D5E005D35B4 /* Frameworks */,
				85BCCCAC23EC1D5E005D35B4 /* Resources */,
			);
			buildRules = (
			);
			dependencies = (
				85BCCCB023EC1D5E005D35B4 /* PBXTargetDependency */,
			);
			name = "User-LocationUITests";
			productName = "User-LocationUITests";
			productReference = 85BCCCAE23EC1D5E005D35B4 /* User-LocationUITests.xctest */;
			productType = "com.apple.product-type.bundle.ui-testing";
		};
/* End PBXNativeTarget section */

/* Begin PBXProject section */
		85BCCC8723EC1D59005D35B4 /* Project object */ = {
			isa = PBXProject;
			attributes = {
				LastSwiftUpdateCheck = 1000;
				LastUpgradeCheck = 1000;
				ORGANIZATIONNAME = "U.M. Hamidul islam";
				TargetAttributes = {
					85BCCC8E23EC1D59005D35B4 = {
						CreatedOnToolsVersion = 10.0;
					};
					85BCCCA223EC1D5E005D35B4 = {
						CreatedOnToolsVersion = 10.0;
						TestTargetID = 85BCCC8E23EC1D59005D35B4;
					};
					85BCCCAD23EC1D5E005D35B4 = {
						CreatedOnToolsVersion = 10.0;
						TestTargetID = 85BCCC8E23EC1D59005D35B4;
					};
				};
			};
			buildConfigurationList = 85BCCC8A23EC1D59005D35B4 /* Build configuration list for PBXProject "User-Location" */;
			compatibilityVersion = "Xcode 9.3";
			developmentRegion = en;
			hasScannedForEncodings = 0;
			knownRegions = (
				en,
				Base,
			);
			mainGroup = 85BCCC8623EC1D59005D35B4;
			productRefGroup = 85BCCC9023EC1D59005D35B4 /* Products */;
			projectDirPath = "";
			projectRoot = "";
			targets = (
				85BCCC8E23EC1D59005D35B4 /* User-Location */,
				85BCCCA223EC1D5E005D35B4 /* User-LocationTests */,
				85BCCCAD23EC1D5E005D35B4 /* User-LocationUITests */,
			);
		};
/* End PBXProject section */

/* Begin PBXResourcesBuildPhase section */
		85BCCC8D23EC1D59005D35B4 /* Resources */ = {
			isa = PBXResourcesBuildPhase;
			buildActionMask = 2147483647;
			files = (
				85BCCC9D23EC1D5E005D35B4 /* LaunchScreen.storyboard in Resources */,
				85BCCC9A23EC1D5E005D35B4 /* Assets.xcassets in Resources */,
				85BCCC9823EC1D5A005D35B4 /* Main.storyboard in Resources */,
			);
			runOnlyForDeploymentPostprocessing = 0;
		};
		85BCCCA123EC1D5E005D35B4 /* Resources */ = {
			isa = PBXResourcesBuildPhase;
			buildActionMask = 2147483647;
			files = (
			);
			runOnlyForDeploymentPostprocessing = 0;
		};
		85BCCCAC23EC1D5E005D35B4 /* Resources */ = {
			isa = PBXResourcesBuildPhase;
			buildActionMask = 2147483647;
			files = (
			);
			runOnlyForDeploymentPostprocessing = 0;
		};
/* End PBXResourcesBuildPhase section */

/* Begin PBXSourcesBuildPhase section */
		85BCCC8B23EC1D59005D35B4 /* Sources */ = {
			isa = PBXSourcesBuildPhase;
			buildActionMask = 2147483647;
			files = (
				85BCCC9523EC1D5A005D35B4 /* ViewController.swift in Sources */,
				85BCCC9323EC1D5A005D35B4 /* AppDelegate.swift in Sources */,
			);
			runOnlyForDeploymentPostprocessing = 0;
		};
		85BCCC9F23EC1D5E005D35B4 /* Sources */ = {
			isa = PBXSourcesBuildPhase;
			buildActionMask = 2147483647;
			files = (
				85BCCCA823EC1D5E005D35B4 /* User_LocationTests.swift in Sources */,
			);
			runOnlyForDeploymentPostprocessing = 0;
		};
		85BCCCAA23EC1D5E005D35B4 /* Sources */ = {
			isa = PBXSourcesBuildPhase;
			buildActionMask = 2147483647;
			files = (
				85BCCCB323EC1D5E005D35B4 /* User_LocationUITests.swift in Sources */,
			);
			runOnlyForDeploymentPostprocessing = 0;
		};
/* End PBXSourcesBuildPhase section */

/* Begin PBXTargetDependency section */
		85BCCCA523EC1D5E005D35B4 /* PBXTargetDependency */ = {
			isa = PBXTargetDependency;
			target = 85BCCC8E23EC1D59005D35B4 /* User-Location */;
			targetProxy = 85BCCCA423EC1D5E005D35B4 /* PBXContainerItemProxy */;
		};
		85BCCCB023EC1D5E005D35B4 /* PBXTargetDependency */ = {
			isa = PBXTargetDependency;
			target = 85BCCC8E23EC1D59005D35B4 /* User-Location */;
			targetProxy = 85BCCCAF23EC1D5E005D35B4 /* PBXContainerItemProxy */;
		};
/* End PBXTargetDependency section */

/* Begin PBXVariantGroup section */
		85BCCC9623EC1D5A005D35B4 /* Main.storyboard */ = {
			isa = PBXVariantGroup;
			children = (
				85BCCC9723EC1D5A005D35B4 /* Base */,
			);
			name = Main.storyboard;
			sourceTree = "<group>";
		};
		85BCCC9B23EC1D5E005D35B4 /* LaunchScreen.storyboard */ = {
			isa = PBXVariantGroup;
			children = (
				85BCCC9C23EC1D5E005D35B4 /* Base */,
			);
			name = LaunchScreen.storyboard;
			sourceTree = "<group>";
		};
/* End PBXVariantGroup section */

/* Begin XCBuildConfiguration section */
		85BCCCB523EC1D5E005D35B4 /* Debug */ = {
			isa = XCBuildConfiguration;
			buildSettings = {
				ALWAYS_SEARCH_USER_PATHS = NO;
				CLANG_ANALYZER_NONNULL = YES;
				CLANG_ANALYZER_NUMBER_OBJECT_CONVERSION = YES_AGGRESSIVE;
				CLANG_CXX_LANGUAGE_STANDARD = "gnu++14";
				CLANG_CXX_LIBRARY = "libc++";
				CLANG_ENABLE_MODULES = YES;
				CLANG_ENABLE_OBJC_ARC = YES;
				CLANG_ENABLE_OBJC_WEAK = YES;
				CLANG_WARN_BLOCK_CAPTURE_AUTORELEASING = YES;
				CLANG_WARN_BOOL_CONVERSION = YES;
				CLANG_WARN_COMMA = YES;
				CLANG_WARN_CONSTANT_CONVERSION = YES;
				CLANG_WARN_DEPRECATED_OBJC_IMPLEMENTATIONS = YES;
				CLANG_WARN_DIRECT_OBJC_ISA_USAGE = YES_ERROR;
				CLANG_WARN_DOCUMENTATION_COMMENTS = YES;
				CLANG_WARN_EMPTY_BODY = YES;
				CLANG_WARN_ENUM_CONVERSION = YES;
				CLANG_WARN_INFINITE_RECURSION = YES;
				CLANG_WARN_INT_CONVERSION = YES;
				CLANG_WARN_NON_LITERAL_NULL_CONVERSION = YES;
				CLANG_WARN_OBJC_IMPLICIT_RETAIN_SELF = YES;
				CLANG_WARN_OBJC_LITERAL_CONVERSION = YES;
				CLANG_WARN_OBJC_ROOT_CLASS = YES_ERROR;
				CLANG_WARN_RANGE_LOOP_ANALYSIS = YES;
				CLANG_WARN_STRICT_PROTOTYPES = YES;
				CLANG_WARN_SUSPICIOUS_MOVE = YES;
				CLANG_WARN_UNGUARDED_AVAILABILITY = YES_AGGRESSIVE;
				CLANG_WARN_UNREACHABLE_CODE = YES;
				CLANG_WARN__DUPLICATE_METHOD_MATCH = YES;
				CODE_SIGN_IDENTITY = "iPhone Developer";
				COPY_PHASE_STRIP = NO;
				DEBUG_INFORMATION_FORMAT = dwarf;
				ENABLE_STRICT_OBJC_MSGSEND = YES;
				ENABLE_TESTABILITY = YES;
				GCC_C_LANGUAGE_STANDARD = gnu11;
				GCC_DYNAMIC_NO_PIC = NO;
				GCC_NO_COMMON_BLOCKS = YES;
				GCC_OPTIMIZATION_LEVEL = 0;
				GCC_PREPROCESSOR_DEFINITIONS = (
					"DEBUG=1",
					"$(inherited)",
				);
				GCC_WARN_64_TO_32_BIT_CONVERSION = YES;
				GCC_WARN_ABOUT_RETURN_TYPE = YES_ERROR;
				GCC_WARN_UNDECLARED_SELECTOR = YES;
				GCC_WARN_UNINITIALIZED_AUTOS = YES_AGGRESSIVE;
				GCC_WARN_UNUSED_FUNCTION = YES;
				GCC_WARN_UNUSED_VARIABLE = YES;
				IPHONEOS_DEPLOYMENT_TARGET = 12.0;
				MTL_ENABLE_DEBUG_INFO = INCLUDE_SOURCE;
				MTL_FAST_MATH = YES;
				ONLY_ACTIVE_ARCH = YES;
				SDKROOT = iphoneos;
				SWIFT_ACTIVE_COMPILATION_CONDITIONS = DEBUG;
				SWIFT_OPTIMIZATION_LEVEL = "-Onone";
			};
			name = Debug;
		};
		85BCCCB623EC1D5E005D35B4 /* Release */ = {
			isa = XCBuildConfiguration;
			buildSettings = {
				ALWAYS_SEARCH_USER_PATHS = NO;
				CLANG_ANALYZER_NONNULL = YES;
				CLANG_ANALYZER_NUMBER_OBJECT_CONVERSION = YES_AGGRESSIVE;
				CLANG_CXX_LANGUAGE_STANDARD = "gnu++14";
				CLANG_CXX_LIBRARY = "libc++";
				CLANG_ENABLE_MODULES = YES;
				CLANG_ENABLE_OBJC_ARC = YES;
				CLANG_ENABLE_OBJC_WEAK = YES;
				CLANG_WARN_BLOCK_CAPTURE_AUTORELEASING = YES;
				CLANG_WARN_BOOL_CONVERSION = YES;
				CLANG_WARN_COMMA = YES;
				CLANG_WARN_CONSTANT_CONVERSION = YES;
				CLANG_WARN_DEPRECATED_OBJC_IMPLEMENTATIONS = YES;
				CLANG_WARN_DIRECT_OBJC_ISA_USAGE = YES_ERROR;
				CLANG_WARN_DOCUMENTATION_COMMENTS = YES;
				CLANG_WARN_EMPTY_BODY = YES;
				CLANG_WARN_ENUM_CONVERSION = YES;
				CLANG_WARN_INFINITE_RECURSION = YES;
				CLANG_WARN_INT_CONVERSION = YES;
				CLANG_WARN_NON_LITERAL_NULL_CONVERSION = YES;
				CLANG_WARN_OBJC_IMPLICIT_RETAIN_SELF = YES;
				CLANG_WARN_OBJC_LITERAL_CONVERSION = YES;
				CLANG_WARN_OBJC_ROOT_CLASS = YES_ERROR;
				CLANG_WARN_RANGE_LOOP_ANALYSIS = YES;
				CLANG_WARN_STRICT_PROTOTYPES = YES;
				CLANG_WARN_SUSPICIOUS_MOVE = YES;
				CLANG_WARN_UNGUARDED_AVAILABILITY = YES_AGGRESSIVE;
				CLANG_WARN_UNREACHABLE_CODE = YES;
				CLANG_WARN__DUPLICATE_METHOD_MATCH = YES;
				CODE_SIGN_IDENTITY = "iPhone Developer";
				COPY_PHASE_STRIP = NO;
				DEBUG_INFORMATION_FORMAT = "dwarf-with-dsym";
				ENABLE_NS_ASSERTIONS = NO;
				ENABLE_STRICT_OBJC_MSGSEND = YES;
				GCC_C_LANGUAGE_STANDARD = gnu11;
				GCC_NO_COMMON_BLOCKS = YES;
				GCC_WARN_64_TO_32_BIT_CONVERSION = YES;
				GCC_WARN_ABOUT_RETURN_TYPE = YES_ERROR;
				GCC_WARN_UNDECLARED_SELECTOR = YES;
				GCC_WARN_UNINITIALIZED_AUTOS = YES_AGGRESSIVE;
				GCC_WARN_UNUSED_FUNCTION = YES;
				GCC_WARN_UNUSED_VARIABLE = YES;
				IPHONEOS_DEPLOYMENT_TARGET = 12.0;
				MTL_ENABLE_DEBUG_INFO = NO;
				MTL_FAST_MATH = YES;
				SDKROOT = iphoneos;
				SWIFT_COMPILATION_MODE = wholemodule;
				SWIFT_OPTIMIZATION_LEVEL = "-O";
				VALIDATE_PRODUCT = YES;
			};
			name = Release;
		};
		85BCCCB823EC1D5E005D35B4 /* Debug */ = {
			isa = XCBuildConfiguration;
			buildSettings = {
				ASSETCATALOG_COMPILER_APPICON_NAME = AppIcon;
				CODE_SIGN_STYLE = Automatic;
				INFOPLIST_FILE = "User-Location/Info.plist";
				LD_RUNPATH_SEARCH_PATHS = (
					"$(inherited)",
					"@executable_path/Frameworks",
				);
				PRODUCT_BUNDLE_IDENTIFIER = "login.User-Location";
				PRODUCT_NAME = "$(TARGET_NAME)";
				SWIFT_VERSION = 4.2;
				TARGETED_DEVICE_FAMILY = "1,2";
			};
			name = Debug;
		};
		85BCCCB923EC1D5E005D35B4 /* Release */ = {
			isa = XCBuildConfiguration;
			buildSettings = {
				ASSETCATALOG_COMPILER_APPICON_NAME = AppIcon;
				CODE_SIGN_STYLE = Automatic;
				INFOPLIST_FILE = "User-Location/Info.plist";
				LD_RUNPATH_SEARCH_PATHS = (
					"$(inherited)",
					"@executable_path/Frameworks",
				);
				PRODUCT_BUNDLE_IDENTIFIER = "login.User-Location";
				PRODUCT_NAME = "$(TARGET_NAME)";
				SWIFT_VERSION = 4.2;
				TARGETED_DEVICE_FAMILY = "1,2";
			};
			name = Release;
		};
		85BCCCBB23EC1D5E005D35B4 /* Debug */ = {
			isa = XCBuildConfiguration;
			buildSettings = {
				ALWAYS_EMBED_SWIFT_STANDARD_LIBRARIES = YES;
				BUNDLE_LOADER = "$(TEST_HOST)";
				CODE_SIGN_STYLE = Automatic;
				INFOPLIST_FILE = "User-LocationTests/Info.plist";
				LD_RUNPATH_SEARCH_PATHS = (
					"$(inherited)",
					"@executable_path/Frameworks",
					"@loader_path/Frameworks",
				);
				PRODUCT_BUNDLE_IDENTIFIER = "login.User-LocationTests";
				PRODUCT_NAME = "$(TARGET_NAME)";
				SWIFT_VERSION = 4.2;
				TARGETED_DEVICE_FAMILY = "1,2";
				TEST_HOST = "$(BUILT_PRODUCTS_DIR)/User-Location.app/User-Location";
			};
			name = Debug;
		};
		85BCCCBC23EC1D5E005D35B4 /* Release */ = {
			isa = XCBuildConfiguration;
			buildSettings = {
				ALWAYS_EMBED_SWIFT_STANDARD_LIBRARIES = YES;
				BUNDLE_LOADER = "$(TEST_HOST)";
				CODE_SIGN_STYLE = Automatic;
				INFOPLIST_FILE = "User-LocationTests/Info.plist";
				LD_RUNPATH_SEARCH_PATHS = (
					"$(inherited)",
					"@executable_path/Frameworks",
					"@loader_path/Frameworks",
				);
				PRODUCT_BUNDLE_IDENTIFIER = "login.User-LocationTests";
				PRODUCT_NAME = "$(TARGET_NAME)";
				SWIFT_VERSION = 4.2;
				TARGETED_DEVICE_FAMILY = "1,2";
				TEST_HOST = "$(BUILT_PRODUCTS_DIR)/User-Location.app/User-Location";
			};
			name = Release;
		};
		85BCCCBE23EC1D5E005D35B4 /* Debug */ = {
			isa = XCBuildConfiguration;
			buildSettings = {
				ALWAYS_EMBED_SWIFT_STANDARD_LIBRARIES = YES;
				CODE_SIGN_STYLE = Automatic;
				INFOPLIST_FILE = "User-LocationUITests/Info.plist";
				LD_RUNPATH_SEARCH_PATHS = (
					"$(inherited)",
					"@executable_path/Frameworks",
					"@loader_path/Frameworks",
				);
				PRODUCT_BUNDLE_IDENTIFIER = "login.User-LocationUITests";
				PRODUCT_NAME = "$(TARGET_NAME)";
				SWIFT_VERSION = 4.2;
				TARGETED_DEVICE_FAMILY = "1,2";
				TEST_TARGET_NAME = "User-Location";
			};
			name = Debug;
		};
		85BCCCBF23EC1D5E005D35B4 /* Release */ = {
			isa = XCBuildConfiguration;
			buildSettings = {
				ALWAYS_EMBED_SWIFT_STANDARD_LIBRARIES = YES;
				CODE_SIGN_STYLE = Automatic;
				INFOPLIST_FILE = "User-LocationUITests/Info.plist";
				LD_RUNPATH_SEARCH_PATHS = (
					"$(inherited)",
					"@executable_path/Frameworks",
					"@loader_path/Frameworks",
				);
				PRODUCT_BUNDLE_IDENTIFIER = "login.User-LocationUITests";
				PRODUCT_NAME = "$(TARGET_NAME)";
				SWIFT_VERSION = 4.2;
				TARGETED_DEVICE_FAMILY = "1,2";
				TEST_TARGET_NAME = "User-Location";
			};
			name = Release;
		};
/* End XCBuildConfiguration section */

/* Begin XCConfigurationList section */
		85BCCC8A23EC1D59005D35B4 /* Build configuration list for PBXProject "User-Location" */ = {
			isa = XCConfigurationList;
			buildConfigurations = (
				85BCCCB523EC1D5E005D35B4 /* Debug */,
				85BCCCB623EC1D5E005D35B4 /* Release */,
			);
			defaultConfigurationIsVisible = 0;
			defaultConfigurationName = Release;
		};
		85BCCCB723EC1D5E005D35B4 /* Build configuration list for PBXNativeTarget "User-Location" */ = {
			isa = XCConfigurationList;
			buildConfigurations = (
				85BCCCB823EC1D5E005D35B4 /* Debug */,
				85BCCCB923EC1D5E005D35B4 /* Release */,
			);
			defaultConfigurationIsVisible = 0;
			defaultConfigurationName = Release;
		};
		85BCCCBA23EC1D5E005D35B4 /* Build configuration list for PBXNativeTarget "User-LocationTests" */ = {
			isa = XCConfigurationList;
			buildConfigurations = (
				85BCCCBB23EC1D5E005D35B4 /* Debug */,
				85BCCCBC23EC1D5E005D35B4 /* Release */,
			);
			defaultConfigurationIsVisible = 0;
			defaultConfigurationName = Release;
		};
		85BCCCBD23EC1D5E005D35B4 /* Build configuration list for PBXNativeTarget "User-LocationUITests" */ = {
			isa = XCConfigurationList;
			buildConfigurations = (
				85BCCCBE23EC1D5E005D35B4 /* Debug */,
				85BCCCBF23EC1D5E005D35B4 /* Release */,
			);
			defaultConfigurationIsVisible = 0;
			defaultConfigurationName = Release;
		};
/* End XCConfigurationList section */
	};
	rootObject = 85BCCC8723EC1D59005D35B4 /* Project object */;
}
